// !$*UTF8*$!
{
	archiveVersion = 1;
	classes = {
	};
	objectVersion = 77;
	objects = {

/* Begin PBXBuildFile section */
		002AFAE1CF4A1FA9A866A294 /* CashFlowView.swift in Sources */ = {isa = PBXBuildFile; fileRef = 7DF67DC7559A935531D54BDC /* CashFlowView.swift */; };
		01715FF748EDA1C7CC7CF04E /* NetWorthTrend.swift in Sources */ = {isa = PBXBuildFile; fileRef = CF78FB0F998F240B025E7DEF /* NetWorthTrend.swift */; };
		0D189AF6FC96D4DEC7DCAEFA /* NetWorthTrendBuilderTests.swift in Sources */ = {isa = PBXBuildFile; fileRef = 8972789965FFBC0AB4C82509 /* NetWorthTrendBuilderTests.swift */; };
		0DABE33B6FDED11FB3103518 /* Models.swift in Sources */ = {isa = PBXBuildFile; fileRef = 9D30F69FB20AB4CF02F0612F /* Models.swift */; };
		0F2A7510B170027ED3759109 /* IntentRouting.swift in Sources */ = {isa = PBXBuildFile; fileRef = E374FE2615EF7E81ABF1474F /* IntentRouting.swift */; };
		12C811905FB520F2A3E50BA3 /* InvestmentCSV.swift in Sources */ = {isa = PBXBuildFile; fileRef = BA27EB01ED729D20CB86F76F /* InvestmentCSV.swift */; };
		164A8A30047B56DA420E869E /* TimeRange.swift in Sources */ = {isa = PBXBuildFile; fileRef = E2B55D61A66BCDA0698E2CA5 /* TimeRange.swift */; };
		172C22B8444C0661682161F9 /* SparklineView.swift in Sources */ = {isa = PBXBuildFile; fileRef = 0B87A170BEC7F432783E6EB5 /* SparklineView.swift */; };
		1AF87715CE94A1242512F5D4 /* HoldingsView.swift in Sources */ = {isa = PBXBuildFile; fileRef = 6D276F97D640B8735216AA71 /* HoldingsView.swift */; };
		1CA8251B2195DF774CEED71A /* PortfolioCalculator.swift in Sources */ = {isa = PBXBuildFile; fileRef = F985BA585208C2C4D87C652B /* PortfolioCalculator.swift */; };
		20D0C0B576419A4F7DE85D7E /* LedgerCategory.swift in Sources */ = {isa = PBXBuildFile; fileRef = D4B999E1016787A3975C6AD1 /* LedgerCategory.swift */; };
		2AD84EF44E42D43A88853A33 /* NorthstarAppIntents.swift in Sources */ = {isa = PBXBuildFile; fileRef = E0BF768623EE462322E3770D /* NorthstarAppIntents.swift */; };
		2D73ADF1FE814306EF64951E /* LedgerCategoryTests.swift in Sources */ = {isa = PBXBuildFile; fileRef = 1DB50A2FED9BE346C68B53A0 /* LedgerCategoryTests.swift */; };
		3765B8A043E41032EF0BA688 /* InvestmentRecordEditorView.swift in Sources */ = {isa = PBXBuildFile; fileRef = 7356B51D3714F41DD4E0CD76 /* InvestmentRecordEditorView.swift */; };
		3E428059BDCA58482353219F /* AccountsView.swift in Sources */ = {isa = PBXBuildFile; fileRef = E499885D0B713A68D2EC2DD3 /* AccountsView.swift */; };
		3F9490165F3F5891AD8F5012 /* SpendingSummaryBuilderTests.swift in Sources */ = {isa = PBXBuildFile; fileRef = 544D8C49994DBBC233D42E56 /* SpendingSummaryBuilderTests.swift */; };
		3FAEA4035F0F8BE8F0BD6C6F /* CSVImportPreviewView.swift in Sources */ = {isa = PBXBuildFile; fileRef = 6B9D7F3D9C35C43F23DB5B48 /* CSVImportPreviewView.swift */; };
		4711E8168E57B570DF6B2ACE /* RootView.swift in Sources */ = {isa = PBXBuildFile; fileRef = 8848E4EF76322106A9CF049E /* RootView.swift */; };
		47CD1A4E99AD12997AADCE14 /* PortfolioCalculator.swift in Sources */ = {isa = PBXBuildFile; fileRef = F985BA585208C2C4D87C652B /* PortfolioCalculator.swift */; };
		4DDEA30204E3DDC0B8360E42 /* SpendingSummary.swift in Sources */ = {isa = PBXBuildFile; fileRef = D5405C210AB587CB25BC3596 /* SpendingSummary.swift */; };
		50874A19B59547D3E0AA40DF /* SparklineView.swift in Sources */ = {isa = PBXBuildFile; fileRef = 0B87A170BEC7F432783E6EB5 /* SparklineView.swift */; };
		540685E9BDFD54C0D32D176E /* CurrencyFormattersTests.swift in Sources */ = {isa = PBXBuildFile; fileRef = 142E7BE55808D148A324AEE9 /* CurrencyFormattersTests.swift */; };
		562EB78BB768B0F7087C5C91 /* PriceStore.swift in Sources */ = {isa = PBXBuildFile; fileRef = CE5B628AB656DEBBF4875895 /* PriceStore.swift */; };
		572590C8E8F7089C3D2A4CCA /* InvestmentRecordEditorView.swift in Sources */ = {isa = PBXBuildFile; fileRef = 7356B51D3714F41DD4E0CD76 /* InvestmentRecordEditorView.swift */; };
		5A1A01AB9B88F638CE91C79F /* DashboardView.swift in Sources */ = {isa = PBXBuildFile; fileRef = F19031E2F4F2D4C6C108A72A /* DashboardView.swift */; };
		5B602A4599B11945E54FAF42 /* AccountReconcileView.swift in Sources */ = {isa = PBXBuildFile; fileRef = 3BC80596E1F6B4AB882FB860 /* AccountReconcileView.swift */; };
		5C3F9A92CD9C64867C328428 /* LedgerCSV.swift in Sources */ = {isa = PBXBuildFile; fileRef = F943AB55090DA5FC625FDDCE /* LedgerCSV.swift */; };
		63632ACAA6106B31190F3C1A /* View+PlatformStyles.swift in Sources */ = {isa = PBXBuildFile; fileRef = D4BA72D862C6DF7779B3A335 /* View+PlatformStyles.swift */; };
		664BC53F3AE81931FF161943 /* CashFlowView.swift in Sources */ = {isa = PBXBuildFile; fileRef = 7DF67DC7559A935531D54BDC /* CashFlowView.swift */; };
		666658AF459EE1F67B0447B7 /* BenchmarkPicker.swift in Sources */ = {isa = PBXBuildFile; fileRef = A85F96A81D4EE68C825C91FB /* BenchmarkPicker.swift */; };
		68066BCD6124F269EB691141 /* FXRateStore.swift in Sources */ = {isa = PBXBuildFile; fileRef = E8415E043727A6FF602CD747 /* FXRateStore.swift */; };
		6CFD8E49E3B34D6D42E339F0 /* DashboardView.swift in Sources */ = {isa = PBXBuildFile; fileRef = F19031E2F4F2D4C6C108A72A /* DashboardView.swift */; };
		70D67EB4F744ADEFBD36C1DD /* Models.swift in Sources */ = {isa = PBXBuildFile; fileRef = 9D30F69FB20AB4CF02F0612F /* Models.swift */; };
		737045AEAAFD7D52ED8B2A9F /* LedgerLinkageTests.swift in Sources */ = {isa = PBXBuildFile; fileRef = 0C85AB0E9883F4E58E498D0F /* LedgerLinkageTests.swift */; };
		73866F0379CC173FD984B40B /* CSVImportPreviewView.swift in Sources */ = {isa = PBXBuildFile; fileRef = 6B9D7F3D9C35C43F23DB5B48 /* CSVImportPreviewView.swift */; };
		73FE15627E8694A012E0F654 /* NorthstarAppIntents.swift in Sources */ = {isa = PBXBuildFile; fileRef = E0BF768623EE462322E3770D /* NorthstarAppIntents.swift */; };
		771BDF2A9382A451E458565A /* TickerAvatar.swift in Sources */ = {isa = PBXBuildFile; fileRef = 84E6F7B593E0CC7408AC6E42 /* TickerAvatar.swift */; };
		777E1EE225624088B328A55F /* PortfolioTrendBuilderTests.swift in Sources */ = {isa = PBXBuildFile; fileRef = AF40E92C863DB994829BCC55 /* PortfolioTrendBuilderTests.swift */; };
		79277EFD21F9D6643602451C /* FXRateStore.swift in Sources */ = {isa = PBXBuildFile; fileRef = E8415E043727A6FF602CD747 /* FXRateStore.swift */; };
		792F567CAA8125FCE017E4DF /* PriceStore.swift in Sources */ = {isa = PBXBuildFile; fileRef = CE5B628AB656DEBBF4875895 /* PriceStore.swift */; };
		7B3C8CF1229404785122E826 /* AccountsView.swift in Sources */ = {isa = PBXBuildFile; fileRef = E499885D0B713A68D2EC2DD3 /* AccountsView.swift */; };
		7F3495787D5A7A9CED1D92E2 /* IntentRouting.swift in Sources */ = {isa = PBXBuildFile; fileRef = E374FE2615EF7E81ABF1474F /* IntentRouting.swift */; };
		801BE3AAFD81A1053D41A25E /* TimeRangeSelector.swift in Sources */ = {isa = PBXBuildFile; fileRef = 4463FD8A1E32DD5BFE0A1DE0 /* TimeRangeSelector.swift */; };
		84FA38D05EE9238DA9DE1D63 /* LedgerCSV.swift in Sources */ = {isa = PBXBuildFile; fileRef = F943AB55090DA5FC625FDDCE /* LedgerCSV.swift */; };
		8988573BBAA08660987B3860 /* LedgerCSVImportPreviewView.swift in Sources */ = {isa = PBXBuildFile; fileRef = D11A500F3B14EF5196A88166 /* LedgerCSVImportPreviewView.swift */; };
		8B3F7FC98FD306720BCD012F /* TransactionsView.swift in Sources */ = {isa = PBXBuildFile; fileRef = 8AF9EB153395C3ED6C141F0F /* TransactionsView.swift */; };
		8B758A4941FAF5852511E4F9 /* SampleDataBootstrap.swift in Sources */ = {isa = PBXBuildFile; fileRef = CC351470D8479B88C7ED3B1C /* SampleDataBootstrap.swift */; };
		8E63FBF7526B0B4D03FAA527 /* SettingsView.swift in Sources */ = {isa = PBXBuildFile; fileRef = 0419E6C001B5A485EEC19124 /* SettingsView.swift */; };
		8E79B29177A7E113968241DD /* AccountEditorView.swift in Sources */ = {isa = PBXBuildFile; fileRef = 084A19E9DC771D9B40D9237E /* AccountEditorView.swift */; };
		8FE054A5DB4EF81C854461AC /* View+PlatformStyles.swift in Sources */ = {isa = PBXBuildFile; fileRef = D4BA72D862C6DF7779B3A335 /* View+PlatformStyles.swift */; };
		939649B5E630A722A04F17A7 /* AccountReconcileView.swift in Sources */ = {isa = PBXBuildFile; fileRef = 3BC80596E1F6B4AB882FB860 /* AccountReconcileView.swift */; };
		93A435D46A123FEB0E2ABD60 /* LedgerCSVImportPreviewView.swift in Sources */ = {isa = PBXBuildFile; fileRef = D11A500F3B14EF5196A88166 /* LedgerCSVImportPreviewView.swift */; };
		9A5E51EAE7560F971A2B0BA1 /* TimeRangeSelector.swift in Sources */ = {isa = PBXBuildFile; fileRef = 4463FD8A1E32DD5BFE0A1DE0 /* TimeRangeSelector.swift */; };
		9A74CEB59011FD096C6D2EA8 /* HoldingsView.swift in Sources */ = {isa = PBXBuildFile; fileRef = 6D276F97D640B8735216AA71 /* HoldingsView.swift */; };
		A19B527D3C40AC04B04EC45C /* LedgerLinkage.swift in Sources */ = {isa = PBXBuildFile; fileRef = 69C284A88D96E78B8D97DEED /* LedgerLinkage.swift */; };
		AB677BBD11158A57F7A5D4BE /* NorthstarTheme.swift in Sources */ = {isa = PBXBuildFile; fileRef = 30417D4F4F2DA28BD96FABF8 /* NorthstarTheme.swift */; };
		ACE3B5990CC0274016558571 /* CurrencyFormatters.swift in Sources */ = {isa = PBXBuildFile; fileRef = 3C253A6FB68486187E60EE4E /* CurrencyFormatters.swift */; };
		AF96C81E2277BE5A9B02EFC0 /* LedgerCSVParserTests.swift in Sources */ = {isa = PBXBuildFile; fileRef = C588072739A513DD9F128247 /* LedgerCSVParserTests.swift */; };
		B67ABDF10E9A04DAB6252B92 /* PortfolioCalculatorTests.swift in Sources */ = {isa = PBXBuildFile; fileRef = C170DEDF6718D5A4DA996856 /* PortfolioCalculatorTests.swift */; };
		B9E17040D9B2E81F8EC3FD55 /* BenchmarkPicker.swift in Sources */ = {isa = PBXBuildFile; fileRef = A85F96A81D4EE68C825C91FB /* BenchmarkPicker.swift */; };
		BF0346FF66FA0C0FA350A31F /* NorthstarApp.swift in Sources */ = {isa = PBXBuildFile; fileRef = 1ABFC0195911ABAA1C55D8B1 /* NorthstarApp.swift */; };
		C2AD07429679A9B604F795A9 /* SpendingSummary.swift in Sources */ = {isa = PBXBuildFile; fileRef = D5405C210AB587CB25BC3596 /* SpendingSummary.swift */; };
		C3DB9E93A75EB9844EBE9FBA /* InvestmentCSV.swift in Sources */ = {isa = PBXBuildFile; fileRef = BA27EB01ED729D20CB86F76F /* InvestmentCSV.swift */; };
		C80F20A66157A412BF8B19D1 /* TickerAvatar.swift in Sources */ = {isa = PBXBuildFile; fileRef = 84E6F7B593E0CC7408AC6E42 /* TickerAvatar.swift */; };
		C93768DCB9C6F072F8BE315D /* NorthstarApp.swift in Sources */ = {isa = PBXBuildFile; fileRef = 1ABFC0195911ABAA1C55D8B1 /* NorthstarApp.swift */; };
		C98AC3167773A48FB51264D0 /* SettingsView.swift in Sources */ = {isa = PBXBuildFile; fileRef = 0419E6C001B5A485EEC19124 /* SettingsView.swift */; };
		CBCBD26623464181DD0226C8 /* SampleDataBootstrap.swift in Sources */ = {isa = PBXBuildFile; fileRef = CC351470D8479B88C7ED3B1C /* SampleDataBootstrap.swift */; };
		CBE12842D8C3DD56B84C7A80 /* PortfolioTrend.swift in Sources */ = {isa = PBXBuildFile; fileRef = 159A14466F06F735C608D234 /* PortfolioTrend.swift */; };
		CC2D728459CE504F3EA47071 /* Assets.xcassets in Resources */ = {isa = PBXBuildFile; fileRef = 7F9D14496EA17072DABC3C59 /* Assets.xcassets */; };
		CD092B6801ECBEE82B932BC1 /* NetWorthTrend.swift in Sources */ = {isa = PBXBuildFile; fileRef = CF78FB0F998F240B025E7DEF /* NetWorthTrend.swift */; };
		D05F581E8F3E0DFD73DA51F8 /* NorthstarTheme.swift in Sources */ = {isa = PBXBuildFile; fileRef = 30417D4F4F2DA28BD96FABF8 /* NorthstarTheme.swift */; };
		D1F60B387FC1F9B3F08EDE55 /* TimeRangeTests.swift in Sources */ = {isa = PBXBuildFile; fileRef = 0B46122484D1277C6C774920 /* TimeRangeTests.swift */; };
		D82E4FE76C28971CBBB32397 /* LedgerCategory.swift in Sources */ = {isa = PBXBuildFile; fileRef = D4B999E1016787A3975C6AD1 /* LedgerCategory.swift */; };
		DAA75DFCC14E41D332133A1D /* PortfolioTrend.swift in Sources */ = {isa = PBXBuildFile; fileRef = 159A14466F06F735C608D234 /* PortfolioTrend.swift */; };
		DB96A5B30B1E54F00B84A8FA /* TransactionsView.swift in Sources */ = {isa = PBXBuildFile; fileRef = 8AF9EB153395C3ED6C141F0F /* TransactionsView.swift */; };
		DD2395529BA4A7B0B9210657 /* RootView.swift in Sources */ = {isa = PBXBuildFile; fileRef = 8848E4EF76322106A9CF049E /* RootView.swift */; };
		E44E7704A33DE84A9DAD48CE /* LedgerLinkage.swift in Sources */ = {isa = PBXBuildFile; fileRef = 69C284A88D96E78B8D97DEED /* LedgerLinkage.swift */; };
		EA29901BD187DA9565081042 /* HoldingDetailView.swift in Sources */ = {isa = PBXBuildFile; fileRef = 588A9F0BB7FAC547ED92B4BA /* HoldingDetailView.swift */; };
		EC3F998AA99BCE0D84734D11 /* ChangePill.swift in Sources */ = {isa = PBXBuildFile; fileRef = 1EF1586974ED25915B021745 /* ChangePill.swift */; };
		F35843C1349D299EDB98A11C /* CurrencyFormatters.swift in Sources */ = {isa = PBXBuildFile; fileRef = 3C253A6FB68486187E60EE4E /* CurrencyFormatters.swift */; };
		F773669490EDB157CA6EF865 /* HoldingDetailView.swift in Sources */ = {isa = PBXBuildFile; fileRef = 588A9F0BB7FAC547ED92B4BA /* HoldingDetailView.swift */; };
		F7F6FF5C23FF1A11F7FDCFD9 /* AccountEditorView.swift in Sources */ = {isa = PBXBuildFile; fileRef = 084A19E9DC771D9B40D9237E /* AccountEditorView.swift */; };
		F81422761989F50D05D41BC0 /* TimeRange.swift in Sources */ = {isa = PBXBuildFile; fileRef = E2B55D61A66BCDA0698E2CA5 /* TimeRange.swift */; };
		FBEE3B54B8960DFA23CF1971 /* Assets.xcassets in Resources */ = {isa = PBXBuildFile; fileRef = 7F9D14496EA17072DABC3C59 /* Assets.xcassets */; };
		FC616F56E09ECA8BD08DA55A /* ChangePill.swift in Sources */ = {isa = PBXBuildFile; fileRef = 1EF1586974ED25915B021745 /* ChangePill.swift */; };
/* End PBXBuildFile section */

/* Begin PBXContainerItemProxy section */
		6814E34A387F9976EAF0A819 /* PBXContainerItemProxy */ = {
			isa = PBXContainerItemProxy;
			containerPortal = 6D6B4A12B486763E06D7AABC /* Project object */;
			proxyType = 1;
			remoteGlobalIDString = B50FC181B1CFDD37DE2C7745;
			remoteInfo = "Northstar macOS";
		};
/* End PBXContainerItemProxy section */

/* Begin PBXFileReference section */
		0419E6C001B5A485EEC19124 /* SettingsView.swift */ = {isa = PBXFileReference; lastKnownFileType = sourcecode.swift; path = SettingsView.swift; sourceTree = "<group>"; };
		084A19E9DC771D9B40D9237E /* AccountEditorView.swift */ = {isa = PBXFileReference; lastKnownFileType = sourcecode.swift; path = AccountEditorView.swift; sourceTree = "<group>"; };
		0B46122484D1277C6C774920 /* TimeRangeTests.swift */ = {isa = PBXFileReference; lastKnownFileType = sourcecode.swift; path = TimeRangeTests.swift; sourceTree = "<group>"; };
		0B87A170BEC7F432783E6EB5 /* SparklineView.swift */ = {isa = PBXFileReference; lastKnownFileType = sourcecode.swift; path = SparklineView.swift; sourceTree = "<group>"; };
		0C85AB0E9883F4E58E498D0F /* LedgerLinkageTests.swift */ = {isa = PBXFileReference; lastKnownFileType = sourcecode.swift; path = LedgerLinkageTests.swift; sourceTree = "<group>"; };
		142E7BE55808D148A324AEE9 /* CurrencyFormattersTests.swift */ = {isa = PBXFileReference; lastKnownFileType = sourcecode.swift; path = CurrencyFormattersTests.swift; sourceTree = "<group>"; };
		159A14466F06F735C608D234 /* PortfolioTrend.swift */ = {isa = PBXFileReference; lastKnownFileType = sourcecode.swift; path = PortfolioTrend.swift; sourceTree = "<group>"; };
		1ABFC0195911ABAA1C55D8B1 /* NorthstarApp.swift */ = {isa = PBXFileReference; lastKnownFileType = sourcecode.swift; path = NorthstarApp.swift; sourceTree = "<group>"; };
		1DB50A2FED9BE346C68B53A0 /* LedgerCategoryTests.swift */ = {isa = PBXFileReference; lastKnownFileType = sourcecode.swift; path = LedgerCategoryTests.swift; sourceTree = "<group>"; };
		1EF1586974ED25915B021745 /* ChangePill.swift */ = {isa = PBXFileReference; lastKnownFileType = sourcecode.swift; path = ChangePill.swift; sourceTree = "<group>"; };
		30417D4F4F2DA28BD96FABF8 /* NorthstarTheme.swift */ = {isa = PBXFileReference; lastKnownFileType = sourcecode.swift; path = NorthstarTheme.swift; sourceTree = "<group>"; };
		3BC80596E1F6B4AB882FB860 /* AccountReconcileView.swift */ = {isa = PBXFileReference; lastKnownFileType = sourcecode.swift; path = AccountReconcileView.swift; sourceTree = "<group>"; };
		3C253A6FB68486187E60EE4E /* CurrencyFormatters.swift */ = {isa = PBXFileReference; lastKnownFileType = sourcecode.swift; path = CurrencyFormatters.swift; sourceTree = "<group>"; };
		4343BB85E9F1759DB0627437 /* NorthstarTests.xctest */ = {isa = PBXFileReference; explicitFileType = wrapper.cfbundle; includeInIndex = 0; path = NorthstarTests.xctest; sourceTree = BUILT_PRODUCTS_DIR; };
		4463FD8A1E32DD5BFE0A1DE0 /* TimeRangeSelector.swift */ = {isa = PBXFileReference; lastKnownFileType = sourcecode.swift; path = TimeRangeSelector.swift; sourceTree = "<group>"; };
		544D8C49994DBBC233D42E56 /* SpendingSummaryBuilderTests.swift */ = {isa = PBXFileReference; lastKnownFileType = sourcecode.swift; path = SpendingSummaryBuilderTests.swift; sourceTree = "<group>"; };
		588A9F0BB7FAC547ED92B4BA /* HoldingDetailView.swift */ = {isa = PBXFileReference; lastKnownFileType = sourcecode.swift; path = HoldingDetailView.swift; sourceTree = "<group>"; };
		69C284A88D96E78B8D97DEED /* LedgerLinkage.swift */ = {isa = PBXFileReference; lastKnownFileType = sourcecode.swift; path = LedgerLinkage.swift; sourceTree = "<group>"; };
		6B9D7F3D9C35C43F23DB5B48 /* CSVImportPreviewView.swift */ = {isa = PBXFileReference; lastKnownFileType = sourcecode.swift; path = CSVImportPreviewView.swift; sourceTree = "<group>"; };
		6D276F97D640B8735216AA71 /* HoldingsView.swift */ = {isa = PBXFileReference; lastKnownFileType = sourcecode.swift; path = HoldingsView.swift; sourceTree = "<group>"; };
		7356B51D3714F41DD4E0CD76 /* InvestmentRecordEditorView.swift */ = {isa = PBXFileReference; lastKnownFileType = sourcecode.swift; path = InvestmentRecordEditorView.swift; sourceTree = "<group>"; };
		7DF67DC7559A935531D54BDC /* CashFlowView.swift */ = {isa = PBXFileReference; lastKnownFileType = sourcecode.swift; path = CashFlowView.swift; sourceTree = "<group>"; };
		7F9D14496EA17072DABC3C59 /* Assets.xcassets */ = {isa = PBXFileReference; lastKnownFileType = folder.assetcatalog; path = Assets.xcassets; sourceTree = "<group>"; };
		84E6F7B593E0CC7408AC6E42 /* TickerAvatar.swift */ = {isa = PBXFileReference; lastKnownFileType = sourcecode.swift; path = TickerAvatar.swift; sourceTree = "<group>"; };
		8848E4EF76322106A9CF049E /* RootView.swift */ = {isa = PBXFileReference; lastKnownFileType = sourcecode.swift; path = RootView.swift; sourceTree = "<group>"; };
		8972789965FFBC0AB4C82509 /* NetWorthTrendBuilderTests.swift */ = {isa = PBXFileReference; lastKnownFileType = sourcecode.swift; path = NetWorthTrendBuilderTests.swift; sourceTree = "<group>"; };
		8AF9EB153395C3ED6C141F0F /* TransactionsView.swift */ = {isa = PBXFileReference; lastKnownFileType = sourcecode.swift; path = TransactionsView.swift; sourceTree = "<group>"; };
		95EE5F46590F13D70F5ACFE1 /* Northstar macOS.app */ = {isa = PBXFileReference; explicitFileType = wrapper.application; includeInIndex = 0; path = "Northstar macOS.app"; sourceTree = BUILT_PRODUCTS_DIR; };
		9D30F69FB20AB4CF02F0612F /* Models.swift */ = {isa = PBXFileReference; lastKnownFileType = sourcecode.swift; path = Models.swift; sourceTree = "<group>"; };
		A85F96A81D4EE68C825C91FB /* BenchmarkPicker.swift */ = {isa = PBXFileReference; lastKnownFileType = sourcecode.swift; path = BenchmarkPicker.swift; sourceTree = "<group>"; };
		ACF176DCA240527594E7233A /* Northstar iOS.app */ = {isa = PBXFileReference; includeInIndex = 0; lastKnownFileType = wrapper.application; path = "Northstar iOS.app"; sourceTree = BUILT_PRODUCTS_DIR; };
		AF40E92C863DB994829BCC55 /* PortfolioTrendBuilderTests.swift */ = {isa = PBXFileReference; lastKnownFileType = sourcecode.swift; path = PortfolioTrendBuilderTests.swift; sourceTree = "<group>"; };
		BA27EB01ED729D20CB86F76F /* InvestmentCSV.swift */ = {isa = PBXFileReference; lastKnownFileType = sourcecode.swift; path = InvestmentCSV.swift; sourceTree = "<group>"; };
		C170DEDF6718D5A4DA996856 /* PortfolioCalculatorTests.swift */ = {isa = PBXFileReference; lastKnownFileType = sourcecode.swift; path = PortfolioCalculatorTests.swift; sourceTree = "<group>"; };
		C588072739A513DD9F128247 /* LedgerCSVParserTests.swift */ = {isa = PBXFileReference; lastKnownFileType = sourcecode.swift; path = LedgerCSVParserTests.swift; sourceTree = "<group>"; };
		CC351470D8479B88C7ED3B1C /* SampleDataBootstrap.swift */ = {isa = PBXFileReference; lastKnownFileType = sourcecode.swift; path = SampleDataBootstrap.swift; sourceTree = "<group>"; };
		CE5B628AB656DEBBF4875895 /* PriceStore.swift */ = {isa = PBXFileReference; lastKnownFileType = sourcecode.swift; path = PriceStore.swift; sourceTree = "<group>"; };
		CF78FB0F998F240B025E7DEF /* NetWorthTrend.swift */ = {isa = PBXFileReference; lastKnownFileType = sourcecode.swift; path = NetWorthTrend.swift; sourceTree = "<group>"; };
		D11A500F3B14EF5196A88166 /* LedgerCSVImportPreviewView.swift */ = {isa = PBXFileReference; lastKnownFileType = sourcecode.swift; path = LedgerCSVImportPreviewView.swift; sourceTree = "<group>"; };
		D4B999E1016787A3975C6AD1 /* LedgerCategory.swift */ = {isa = PBXFileReference; lastKnownFileType = sourcecode.swift; path = LedgerCategory.swift; sourceTree = "<group>"; };
		D4BA72D862C6DF7779B3A335 /* View+PlatformStyles.swift */ = {isa = PBXFileReference; lastKnownFileType = sourcecode.swift; path = "View+PlatformStyles.swift"; sourceTree = "<group>"; };
		D5405C210AB587CB25BC3596 /* SpendingSummary.swift */ = {isa = PBXFileReference; lastKnownFileType = sourcecode.swift; path = SpendingSummary.swift; sourceTree = "<group>"; };
		E0BF768623EE462322E3770D /* NorthstarAppIntents.swift */ = {isa = PBXFileReference; lastKnownFileType = sourcecode.swift; path = NorthstarAppIntents.swift; sourceTree = "<group>"; };
		E2B55D61A66BCDA0698E2CA5 /* TimeRange.swift */ = {isa = PBXFileReference; lastKnownFileType = sourcecode.swift; path = TimeRange.swift; sourceTree = "<group>"; };
		E374FE2615EF7E81ABF1474F /* IntentRouting.swift */ = {isa = PBXFileReference; lastKnownFileType = sourcecode.swift; path = IntentRouting.swift; sourceTree = "<group>"; };
		E499885D0B713A68D2EC2DD3 /* AccountsView.swift */ = {isa = PBXFileReference; lastKnownFileType = sourcecode.swift; path = AccountsView.swift; sourceTree = "<group>"; };
		E8415E043727A6FF602CD747 /* FXRateStore.swift */ = {isa = PBXFileReference; lastKnownFileType = sourcecode.swift; path = FXRateStore.swift; sourceTree = "<group>"; };
		F19031E2F4F2D4C6C108A72A /* DashboardView.swift */ = {isa = PBXFileReference; lastKnownFileType = sourcecode.swift; path = DashboardView.swift; sourceTree = "<group>"; };
		F943AB55090DA5FC625FDDCE /* LedgerCSV.swift */ = {isa = PBXFileReference; lastKnownFileType = sourcecode.swift; path = LedgerCSV.swift; sourceTree = "<group>"; };
		F985BA585208C2C4D87C652B /* PortfolioCalculator.swift */ = {isa = PBXFileReference; lastKnownFileType = sourcecode.swift; path = PortfolioCalculator.swift; sourceTree = "<group>"; };
/* End PBXFileReference section */

/* Begin PBXGroup section */
		0B31237F5FC01A4517D50404 /* UI */ = {
			isa = PBXGroup;
			children = (
				8E1E2110896299F66283DCE4 /* AppState */,
				A0C50649438C036D4795F5C2 /* Components */,
				0FDF7EB9C923482D916083F6 /* Theme */,
				B59AD2D56B3EE7433415D994 /* Views */,
			);
			path = UI;
			sourceTree = "<group>";
		};
		0FDF7EB9C923482D916083F6 /* Theme */ = {
			isa = PBXGroup;
			children = (
				30417D4F4F2DA28BD96FABF8 /* NorthstarTheme.swift */,
			);
			path = Theme;
			sourceTree = "<group>";
		};
		165E19329EFBEC8093D19904 /* NorthstarTests */ = {
			isa = PBXGroup;
			children = (
				142E7BE55808D148A324AEE9 /* CurrencyFormattersTests.swift */,
				1DB50A2FED9BE346C68B53A0 /* LedgerCategoryTests.swift */,
				C588072739A513DD9F128247 /* LedgerCSVParserTests.swift */,
				0C85AB0E9883F4E58E498D0F /* LedgerLinkageTests.swift */,
				8972789965FFBC0AB4C82509 /* NetWorthTrendBuilderTests.swift */,
				C170DEDF6718D5A4DA996856 /* PortfolioCalculatorTests.swift */,
				AF40E92C863DB994829BCC55 /* PortfolioTrendBuilderTests.swift */,
				544D8C49994DBBC233D42E56 /* SpendingSummaryBuilderTests.swift */,
				0B46122484D1277C6C774920 /* TimeRangeTests.swift */,
			);
			path = NorthstarTests;
			sourceTree = "<group>";
		};
		3EC0C6FE460FB65C549C763F /* Resources */ = {
			isa = PBXGroup;
			children = (
				7F9D14496EA17072DABC3C59 /* Assets.xcassets */,
			);
			path = Resources;
			sourceTree = "<group>";
		};
		7D5B45B9BA0AED2670752CB4 /* Products */ = {
			isa = PBXGroup;
			children = (
				ACF176DCA240527594E7233A /* Northstar iOS.app */,
				95EE5F46590F13D70F5ACFE1 /* Northstar macOS.app */,
				4343BB85E9F1759DB0627437 /* NorthstarTests.xctest */,
			);
			name = Products;
			sourceTree = "<group>";
		};
		8E1E2110896299F66283DCE4 /* AppState */ = {
			isa = PBXGroup;
			children = (
				E8415E043727A6FF602CD747 /* FXRateStore.swift */,
				E374FE2615EF7E81ABF1474F /* IntentRouting.swift */,
				CE5B628AB656DEBBF4875895 /* PriceStore.swift */,
			);
			path = AppState;
			sourceTree = "<group>";
		};
		A0C50649438C036D4795F5C2 /* Components */ = {
			isa = PBXGroup;
			children = (
				A85F96A81D4EE68C825C91FB /* BenchmarkPicker.swift */,
				1EF1586974ED25915B021745 /* ChangePill.swift */,
				0B87A170BEC7F432783E6EB5 /* SparklineView.swift */,
				84E6F7B593E0CC7408AC6E42 /* TickerAvatar.swift */,
				4463FD8A1E32DD5BFE0A1DE0 /* TimeRangeSelector.swift */,
			);
			path = Components;
			sourceTree = "<group>";
		};
		B59AD2D56B3EE7433415D994 /* Views */ = {
			isa = PBXGroup;
			children = (
				084A19E9DC771D9B40D9237E /* AccountEditorView.swift */,
				3BC80596E1F6B4AB882FB860 /* AccountReconcileView.swift */,
				E499885D0B713A68D2EC2DD3 /* AccountsView.swift */,
				7DF67DC7559A935531D54BDC /* CashFlowView.swift */,
				6B9D7F3D9C35C43F23DB5B48 /* CSVImportPreviewView.swift */,
				F19031E2F4F2D4C6C108A72A /* DashboardView.swift */,
				588A9F0BB7FAC547ED92B4BA /* HoldingDetailView.swift */,
				6D276F97D640B8735216AA71 /* HoldingsView.swift */,
				7356B51D3714F41DD4E0CD76 /* InvestmentRecordEditorView.swift */,
				D11A500F3B14EF5196A88166 /* LedgerCSVImportPreviewView.swift */,
				8848E4EF76322106A9CF049E /* RootView.swift */,
				0419E6C001B5A485EEC19124 /* SettingsView.swift */,
				8AF9EB153395C3ED6C141F0F /* TransactionsView.swift */,
				D4BA72D862C6DF7779B3A335 /* View+PlatformStyles.swift */,
			);
			path = Views;
			sourceTree = "<group>";
		};
		BBC926D3B3EF739E2A6409B5 /* AppIntents */ = {
			isa = PBXGroup;
			children = (
				E0BF768623EE462322E3770D /* NorthstarAppIntents.swift */,
			);
			path = AppIntents;
			sourceTree = "<group>";
		};
		BF009CCB9C38DD1C05AE44DB /* Sources */ = {
			isa = PBXGroup;
			children = (
				E48A8309CA17B33807E0185E /* NorthstarApp */,
			);
			path = Sources;
			sourceTree = "<group>";
		};
		C8646668362A1CFF19FDF7FC = {
			isa = PBXGroup;
			children = (
				BF009CCB9C38DD1C05AE44DB /* Sources */,
				E1C8F3AEE98BB5DB99797F64 /* Tests */,
				7D5B45B9BA0AED2670752CB4 /* Products */,
			);
			sourceTree = "<group>";
		};
		D67A50EF54E0AC93B40A0DDC /* Domain */ = {
			isa = PBXGroup;
			children = (
				3C253A6FB68486187E60EE4E /* CurrencyFormatters.swift */,
				BA27EB01ED729D20CB86F76F /* InvestmentCSV.swift */,
				D4B999E1016787A3975C6AD1 /* LedgerCategory.swift */,
				F943AB55090DA5FC625FDDCE /* LedgerCSV.swift */,
				69C284A88D96E78B8D97DEED /* LedgerLinkage.swift */,
				9D30F69FB20AB4CF02F0612F /* Models.swift */,
				CF78FB0F998F240B025E7DEF /* NetWorthTrend.swift */,
				F985BA585208C2C4D87C652B /* PortfolioCalculator.swift */,
				159A14466F06F735C608D234 /* PortfolioTrend.swift */,
				CC351470D8479B88C7ED3B1C /* SampleDataBootstrap.swift */,
				D5405C210AB587CB25BC3596 /* SpendingSummary.swift */,
				E2B55D61A66BCDA0698E2CA5 /* TimeRange.swift */,
			);
			path = Domain;
			sourceTree = "<group>";
		};
		E1C8F3AEE98BB5DB99797F64 /* Tests */ = {
			isa = PBXGroup;
			children = (
				165E19329EFBEC8093D19904 /* NorthstarTests */,
			);
			path = Tests;
			sourceTree = "<group>";
		};
		E48A8309CA17B33807E0185E /* NorthstarApp */ = {
			isa = PBXGroup;
			children = (
				1ABFC0195911ABAA1C55D8B1 /* NorthstarApp.swift */,
				BBC926D3B3EF739E2A6409B5 /* AppIntents */,
				D67A50EF54E0AC93B40A0DDC /* Domain */,
				3EC0C6FE460FB65C549C763F /* Resources */,
				0B31237F5FC01A4517D50404 /* UI */,
			);
			path = NorthstarApp;
			sourceTree = "<group>";
		};
/* End PBXGroup section */

/* Begin PBXNativeTarget section */
		58144FE61A19258A4B3FB1E9 /* Northstar iOS */ = {
			isa = PBXNativeTarget;
			buildConfigurationList = 274481E3BCE7E95DF7EAF5DC /* Build configuration list for PBXNativeTarget "Northstar iOS" */;
			buildPhases = (
				8EA06844116AD9845DE90F7B /* Sources */,
				A3C214B2FFDE95DE1DDACA5A /* Resources */,
			);
			buildRules = (
			);
			dependencies = (
			);
			name = "Northstar iOS";
			packageProductDependencies = (
			);
			productName = "Northstar iOS";
			productReference = ACF176DCA240527594E7233A /* Northstar iOS.app */;
			productType = "com.apple.product-type.application";
		};
		5954F73C7047C8BE880DD1D5 /* NorthstarTests */ = {
			isa = PBXNativeTarget;
			buildConfigurationList = 1013F3A0B2404F166B938287 /* Build configuration list for PBXNativeTarget "NorthstarTests" */;
			buildPhases = (
				6D3994ADD8FF1ED7192B76D9 /* Sources */,
			);
			buildRules = (
			);
			dependencies = (
				30E333FD4749783AFDEAE4D4 /* PBXTargetDependency */,
			);
			name = NorthstarTests;
			packageProductDependencies = (
			);
			productName = NorthstarTests;
			productReference = 4343BB85E9F1759DB0627437 /* NorthstarTests.xctest */;
			productType = "com.apple.product-type.bundle.unit-test";
		};
		B50FC181B1CFDD37DE2C7745 /* Northstar macOS */ = {
			isa = PBXNativeTarget;
			buildConfigurationList = 52F32A66E4AB4E41F1FEBB05 /* Build configuration list for PBXNativeTarget "Northstar macOS" */;
			buildPhases = (
				158EE706724A5BF769C91B2D /* Sources */,
				A01FEEC2A916026E747D668D /* Resources */,
			);
			buildRules = (
			);
			dependencies = (
			);
			name = "Northstar macOS";
			packageProductDependencies = (
			);
			productName = "Northstar macOS";
			productReference = 95EE5F46590F13D70F5ACFE1 /* Northstar macOS.app */;
			productType = "com.apple.product-type.application";
		};
/* End PBXNativeTarget section */

/* Begin PBXProject section */
		6D6B4A12B486763E06D7AABC /* Project object */ = {
			isa = PBXProject;
			attributes = {
				BuildIndependentTargetsInParallel = YES;
				LastUpgradeCheck = 1430;
				TargetAttributes = {
					58144FE61A19258A4B3FB1E9 = {
						DevelopmentTeam = "";
						ProvisioningStyle = Automatic;
					};
					5954F73C7047C8BE880DD1D5 = {
						ProvisioningStyle = Automatic;
					};
					B50FC181B1CFDD37DE2C7745 = {
						DevelopmentTeam = "";
						ProvisioningStyle = Automatic;
					};
				};
			};
			buildConfigurationList = 52B35FD23C6EBD3D1F0A338D /* Build configuration list for PBXProject "northstar" */;
			developmentRegion = en;
			hasScannedForEncodings = 0;
			knownRegions = (
				Base,
				en,
			);
			mainGroup = C8646668362A1CFF19FDF7FC;
			minimizedProjectReferenceProxies = 1;
			preferredProjectObjectVersion = 77;
			productRefGroup = 7D5B45B9BA0AED2670752CB4 /* Products */;
			projectDirPath = "";
			projectRoot = "";
			targets = (
				58144FE61A19258A4B3FB1E9 /* Northstar iOS */,
				B50FC181B1CFDD37DE2C7745 /* Northstar macOS */,
				5954F73C7047C8BE880DD1D5 /* NorthstarTests */,
			);
		};
/* End PBXProject section */

/* Begin PBXResourcesBuildPhase section */
		A01FEEC2A916026E747D668D /* Resources */ = {
			isa = PBXResourcesBuildPhase;
			buildActionMask = 2147483647;
			files = (
				CC2D728459CE504F3EA47071 /* Assets.xcassets in Resources */,
			);
			runOnlyForDeploymentPostprocessing = 0;
		};
		A3C214B2FFDE95DE1DDACA5A /* Resources */ = {
			isa = PBXResourcesBuildPhase;
			buildActionMask = 2147483647;
			files = (
				FBEE3B54B8960DFA23CF1971 /* Assets.xcassets in Resources */,
			);
			runOnlyForDeploymentPostprocessing = 0;
		};
/* End PBXResourcesBuildPhase section */

/* Begin PBXSourcesBuildPhase section */
		158EE706724A5BF769C91B2D /* Sources */ = {
			isa = PBXSourcesBuildPhase;
			buildActionMask = 2147483647;
			files = (
				F7F6FF5C23FF1A11F7FDCFD9 /* AccountEditorView.swift in Sources */,
				5B602A4599B11945E54FAF42 /* AccountReconcileView.swift in Sources */,
				3E428059BDCA58482353219F /* AccountsView.swift in Sources */,
				666658AF459EE1F67B0447B7 /* BenchmarkPicker.swift in Sources */,
				3FAEA4035F0F8BE8F0BD6C6F /* CSVImportPreviewView.swift in Sources */,
				664BC53F3AE81931FF161943 /* CashFlowView.swift in Sources */,
				EC3F998AA99BCE0D84734D11 /* ChangePill.swift in Sources */,
				F35843C1349D299EDB98A11C /* CurrencyFormatters.swift in Sources */,
				6CFD8E49E3B34D6D42E339F0 /* DashboardView.swift in Sources */,
				68066BCD6124F269EB691141 /* FXRateStore.swift in Sources */,
				EA29901BD187DA9565081042 /* HoldingDetailView.swift in Sources */,
				9A74CEB59011FD096C6D2EA8 /* HoldingsView.swift in Sources */,
				7F3495787D5A7A9CED1D92E2 /* IntentRouting.swift in Sources */,
				C3DB9E93A75EB9844EBE9FBA /* InvestmentCSV.swift in Sources */,
				572590C8E8F7089C3D2A4CCA /* InvestmentRecordEditorView.swift in Sources */,
				5C3F9A92CD9C64867C328428 /* LedgerCSV.swift in Sources */,
				93A435D46A123FEB0E2ABD60 /* LedgerCSVImportPreviewView.swift in Sources */,
				D82E4FE76C28971CBBB32397 /* LedgerCategory.swift in Sources */,
				E44E7704A33DE84A9DAD48CE /* LedgerLinkage.swift in Sources */,
				0DABE33B6FDED11FB3103518 /* Models.swift in Sources */,
				01715FF748EDA1C7CC7CF04E /* NetWorthTrend.swift in Sources */,
				C93768DCB9C6F072F8BE315D /* NorthstarApp.swift in Sources */,
				73FE15627E8694A012E0F654 /* NorthstarAppIntents.swift in Sources */,
				D05F581E8F3E0DFD73DA51F8 /* NorthstarTheme.swift in Sources */,
				1CA8251B2195DF774CEED71A /* PortfolioCalculator.swift in Sources */,
				DAA75DFCC14E41D332133A1D /* PortfolioTrend.swift in Sources */,
				792F567CAA8125FCE017E4DF /* PriceStore.swift in Sources */,
				4711E8168E57B570DF6B2ACE /* RootView.swift in Sources */,
				CBCBD26623464181DD0226C8 /* SampleDataBootstrap.swift in Sources */,
				C98AC3167773A48FB51264D0 /* SettingsView.swift in Sources */,
				50874A19B59547D3E0AA40DF /* SparklineView.swift in Sources */,
				4DDEA30204E3DDC0B8360E42 /* SpendingSummary.swift in Sources */,
				C80F20A66157A412BF8B19D1 /* TickerAvatar.swift in Sources */,
				F81422761989F50D05D41BC0 /* TimeRange.swift in Sources */,
				801BE3AAFD81A1053D41A25E /* TimeRangeSelector.swift in Sources */,
				8B3F7FC98FD306720BCD012F /* TransactionsView.swift in Sources */,
				63632ACAA6106B31190F3C1A /* View+PlatformStyles.swift in Sources */,
			);
			runOnlyForDeploymentPostprocessing = 0;
		};
		6D3994ADD8FF1ED7192B76D9 /* Sources */ = {
			isa = PBXSourcesBuildPhase;
			buildActionMask = 2147483647;
			files = (
				540685E9BDFD54C0D32D176E /* CurrencyFormattersTests.swift in Sources */,
				AF96C81E2277BE5A9B02EFC0 /* LedgerCSVParserTests.swift in Sources */,
				2D73ADF1FE814306EF64951E /* LedgerCategoryTests.swift in Sources */,
				737045AEAAFD7D52ED8B2A9F /* LedgerLinkageTests.swift in Sources */,
				0D189AF6FC96D4DEC7DCAEFA /* NetWorthTrendBuilderTests.swift in Sources */,
				B67ABDF10E9A04DAB6252B92 /* PortfolioCalculatorTests.swift in Sources */,
				777E1EE225624088B328A55F /* PortfolioTrendBuilderTests.swift in Sources */,
				3F9490165F3F5891AD8F5012 /* SpendingSummaryBuilderTests.swift in Sources */,
				D1F60B387FC1F9B3F08EDE55 /* TimeRangeTests.swift in Sources */,
			);
			runOnlyForDeploymentPostprocessing = 0;
		};
		8EA06844116AD9845DE90F7B /* Sources */ = {
			isa = PBXSourcesBuildPhase;
			buildActionMask = 2147483647;
			files = (
				8E79B29177A7E113968241DD /* AccountEditorView.swift in Sources */,
				939649B5E630A722A04F17A7 /* AccountReconcileView.swift in Sources */,
				7B3C8CF1229404785122E826 /* AccountsView.swift in Sources */,
				B9E17040D9B2E81F8EC3FD55 /* BenchmarkPicker.swift in Sources */,
				73866F0379CC173FD984B40B /* CSVImportPreviewView.swift in Sources */,
				002AFAE1CF4A1FA9A866A294 /* CashFlowView.swift in Sources */,
				FC616F56E09ECA8BD08DA55A /* ChangePill.swift in Sources */,
				ACE3B5990CC0274016558571 /* CurrencyFormatters.swift in Sources */,
				5A1A01AB9B88F638CE91C79F /* DashboardView.swift in Sources */,
				79277EFD21F9D6643602451C /* FXRateStore.swift in Sources */,
				F773669490EDB157CA6EF865 /* HoldingDetailView.swift in Sources */,
				1AF87715CE94A1242512F5D4 /* HoldingsView.swift in Sources */,
				0F2A7510B170027ED3759109 /* IntentRouting.swift in Sources */,
				12C811905FB520F2A3E50BA3 /* InvestmentCSV.swift in Sources */,
				3765B8A043E41032EF0BA688 /* InvestmentRecordEditorView.swift in Sources */,
				84FA38D05EE9238DA9DE1D63 /* LedgerCSV.swift in Sources */,
				8988573BBAA08660987B3860 /* LedgerCSVImportPreviewView.swift in Sources */,
				20D0C0B576419A4F7DE85D7E /* LedgerCategory.swift in Sources */,
				A19B527D3C40AC04B04EC45C /* LedgerLinkage.swift in Sources */,
				70D67EB4F744ADEFBD36C1DD /* Models.swift in Sources */,
				CD092B6801ECBEE82B932BC1 /* NetWorthTrend.swift in Sources */,
				BF0346FF66FA0C0FA350A31F /* NorthstarApp.swift in Sources */,
				2AD84EF44E42D43A88853A33 /* NorthstarAppIntents.swift in Sources */,
				AB677BBD11158A57F7A5D4BE /* NorthstarTheme.swift in Sources */,
				47CD1A4E99AD12997AADCE14 /* PortfolioCalculator.swift in Sources */,
				CBE12842D8C3DD56B84C7A80 /* PortfolioTrend.swift in Sources */,
				562EB78BB768B0F7087C5C91 /* PriceStore.swift in Sources */,
				DD2395529BA4A7B0B9210657 /* RootView.swift in Sources */,
				8B758A4941FAF5852511E4F9 /* SampleDataBootstrap.swift in Sources */,
				8E63FBF7526B0B4D03FAA527 /* SettingsView.swift in Sources */,
				172C22B8444C0661682161F9 /* SparklineView.swift in Sources */,
				C2AD07429679A9B604F795A9 /* SpendingSummary.swift in Sources */,
				771BDF2A9382A451E458565A /* TickerAvatar.swift in Sources */,
				164A8A30047B56DA420E869E /* TimeRange.swift in Sources */,
				9A5E51EAE7560F971A2B0BA1 /* TimeRangeSelector.swift in Sources */,
				DB96A5B30B1E54F00B84A8FA /* TransactionsView.swift in Sources */,
				8FE054A5DB4EF81C854461AC /* View+PlatformStyles.swift in Sources */,
			);
			runOnlyForDeploymentPostprocessing = 0;
		};
/* End PBXSourcesBuildPhase section */

/* Begin PBXTargetDependency section */
		30E333FD4749783AFDEAE4D4 /* PBXTargetDependency */ = {
			isa = PBXTargetDependency;
			target = B50FC181B1CFDD37DE2C7745 /* Northstar macOS */;
			targetProxy = 6814E34A387F9976EAF0A819 /* PBXContainerItemProxy */;
		};
/* End PBXTargetDependency section */

/* Begin XCBuildConfiguration section */
		093A0F1A37CA374FC6E9F14D /* Release */ = {
			isa = XCBuildConfiguration;
			buildSettings = {
				ASSETCATALOG_COMPILER_APPICON_NAME = AppIcon;
				ASSETCATALOG_COMPILER_GLOBAL_ACCENT_COLOR_NAME = AccentColor;
				CODE_SIGN_IDENTITY = "iPhone Developer";
				CODE_SIGN_STYLE = Automatic;
				CURRENT_PROJECT_VERSION = 1;
				DEVELOPMENT_TEAM = "";
				ENABLE_PREVIEWS = YES;
				GENERATE_INFOPLIST_FILE = YES;
				INFOPLIST_KEY_CFBundleDisplayName = Northstar;
				INFOPLIST_KEY_LSApplicationCategoryType = "public.app-category.finance";
				INFOPLIST_KEY_UILaunchScreen_Generation = YES;
				IPHONEOS_DEPLOYMENT_TARGET = 17.0;
				LD_RUNPATH_SEARCH_PATHS = (
					"$(inherited)",
					"@executable_path/Frameworks",
				);
				MARKETING_VERSION = 1.0;
				PRODUCT_BUNDLE_IDENTIFIER = com.northstar.ios;
				SDKROOT = iphoneos;
				SUPPORTED_PLATFORMS = "iphoneos iphonesimulator";
				TARGETED_DEVICE_FAMILY = "1,2";
			};
			name = Release;
		};
		3009B9420C36B0C38811261F /* Release */ = {
			isa = XCBuildConfiguration;
			buildSettings = {
				ASSETCATALOG_COMPILER_APPICON_NAME = AppIcon;
				ASSETCATALOG_COMPILER_GLOBAL_ACCENT_COLOR_NAME = AccentColor;
				CODE_SIGN_STYLE = Automatic;
				COMBINE_HIDPI_IMAGES = YES;
				CURRENT_PROJECT_VERSION = 1;
				DEVELOPMENT_TEAM = "";
				ENABLE_HARDENED_RUNTIME = YES;
				ENABLE_PREVIEWS = YES;
				GENERATE_INFOPLIST_FILE = YES;
				INFOPLIST_KEY_CFBundleDisplayName = Northstar;
				INFOPLIST_KEY_LSApplicationCategoryType = "public.app-category.finance";
				LD_RUNPATH_SEARCH_PATHS = (
					"$(inherited)",
					"@executable_path/../Frameworks",
				);
				MACOSX_DEPLOYMENT_TARGET = 14.0;
				MARKETING_VERSION = 1.0;
				PRODUCT_BUNDLE_IDENTIFIER = com.northstar.mac;
				SDKROOT = macosx;
				SUPPORTED_PLATFORMS = macosx;
			};
			name = Release;
		};
		58C5510A77F22124F9E14225 /* Debug */ = {
			isa = XCBuildConfiguration;
			buildSettings = {
				BUNDLE_LOADER = "$(TEST_HOST)";
				CODE_SIGN_IDENTITY = "-";
				CODE_SIGN_STYLE = Automatic;
				COMBINE_HIDPI_IMAGES = YES;
				GENERATE_INFOPLIST_FILE = YES;
				LD_RUNPATH_SEARCH_PATHS = (
					"$(inherited)",
					"@executable_path/../Frameworks",
					"@loader_path/../Frameworks",
				);
				MACOSX_DEPLOYMENT_TARGET = 14.0;
				PRODUCT_BUNDLE_IDENTIFIER = com.northstar.tests;
				SDKROOT = macosx;
				TEST_HOST = "$(BUILT_PRODUCTS_DIR)/Northstar macOS.app/Contents/MacOS/Northstar macOS";
			};
			name = Debug;
		};
		67C793B40424FDEDE8AEEB18 /* Debug */ = {
			isa = XCBuildConfiguration;
			buildSettings = {
				ASSETCATALOG_COMPILER_APPICON_NAME = AppIcon;
				ASSETCATALOG_COMPILER_GLOBAL_ACCENT_COLOR_NAME = AccentColor;
				CODE_SIGN_STYLE = Automatic;
				COMBINE_HIDPI_IMAGES = YES;
				CURRENT_PROJECT_VERSION = 1;
				DEVELOPMENT_TEAM = "";
				ENABLE_HARDENED_RUNTIME = YES;
				ENABLE_PREVIEWS = YES;
				GENERATE_INFOPLIST_FILE = YES;
				INFOPLIST_KEY_CFBundleDisplayName = Northstar;
				INFOPLIST_KEY_LSApplicationCategoryType = "public.app-category.finance";
				LD_RUNPATH_SEARCH_PATHS = (
					"$(inherited)",
					"@executable_path/../Frameworks",
				);
				MACOSX_DEPLOYMENT_TARGET = 14.0;
				MARKETING_VERSION = 1.0;
				PRODUCT_BUNDLE_IDENTIFIER = com.northstar.mac;
				SDKROOT = macosx;
				SUPPORTED_PLATFORMS = macosx;
			};
			name = Debug;
		};
		A70D49E7DA89071B87D91AA3 /* Debug */ = {
			isa = XCBuildConfiguration;
			buildSettings = {
				ASSETCATALOG_COMPILER_APPICON_NAME = AppIcon;
				ASSETCATALOG_COMPILER_GLOBAL_ACCENT_COLOR_NAME = AccentColor;
				CODE_SIGN_IDENTITY = "iPhone Developer";
				CODE_SIGN_STYLE = Automatic;
				CURRENT_PROJECT_VERSION = 1;
				DEVELOPMENT_TEAM = "";
				ENABLE_PREVIEWS = YES;
				GENERATE_INFOPLIST_FILE = YES;
				INFOPLIST_KEY_CFBundleDisplayName = Northstar;
				INFOPLIST_KEY_LSApplicationCategoryType = "public.app-category.finance";
				INFOPLIST_KEY_UILaunchScreen_Generation = YES;
				IPHONEOS_DEPLOYMENT_TARGET = 17.0;
				LD_RUNPATH_SEARCH_PATHS = (
					"$(inherited)",
					"@executable_path/Frameworks",
				);
				MARKETING_VERSION = 1.0;
				PRODUCT_BUNDLE_IDENTIFIER = com.northstar.ios;
				SDKROOT = iphoneos;
				SUPPORTED_PLATFORMS = "iphoneos iphonesimulator";
				TARGETED_DEVICE_FAMILY = "1,2";
			};
			name = Debug;
		};
		B261C85E27044CC67EEFED10 /* Release */ = {
			isa = XCBuildConfiguration;
			buildSettings = {
				ALWAYS_SEARCH_USER_PATHS = NO;
				CLANG_ANALYZER_NONNULL = YES;
				CLANG_ANALYZER_NUMBER_OBJECT_CONVERSION = YES_AGGRESSIVE;
				CLANG_CXX_LANGUAGE_STANDARD = "gnu++14";
				CLANG_CXX_LIBRARY = "libc++";
				CLANG_ENABLE_MODULES = YES;
				CLANG_ENABLE_OBJC_ARC = YES;
				CLANG_ENABLE_OBJC_WEAK = YES;
				CLANG_WARN_BLOCK_CAPTURE_AUTORELEASING = YES;
				CLANG_WARN_BOOL_CONVERSION = YES;
				CLANG_WARN_COMMA = YES;
				CLANG_WARN_CONSTANT_CONVERSION = YES;
				CLANG_WARN_DEPRECATED_OBJC_IMPLEMENTATIONS = YES;
				CLANG_WARN_DIRECT_OBJC_ISA_USAGE = YES_ERROR;
				CLANG_WARN_DOCUMENTATION_COMMENTS = YES;
				CLANG_WARN_EMPTY_BODY = YES;
				CLANG_WARN_ENUM_CONVERSION = YES;
				CLANG_WARN_INFINITE_RECURSION = YES;
				CLANG_WARN_INT_CONVERSION = YES;
				CLANG_WARN_NON_LITERAL_NULL_CONVERSION = YES;
				CLANG_WARN_OBJC_IMPLICIT_RETAIN_SELF = YES;
				CLANG_WARN_OBJC_LITERAL_CONVERSION = YES;
				CLANG_WARN_OBJC_ROOT_CLASS = YES_ERROR;
				CLANG_WARN_QUOTED_INCLUDE_IN_FRAMEWORK_HEADER = YES;
				CLANG_WARN_RANGE_LOOP_ANALYSIS = YES;
				CLANG_WARN_STRICT_PROTOTYPES = YES;
				CLANG_WARN_SUSPICIOUS_MOVE = YES;
				CLANG_WARN_UNGUARDED_AVAILABILITY = YES_AGGRESSIVE;
				CLANG_WARN_UNREACHABLE_CODE = YES;
				CLANG_WARN__DUPLICATE_METHOD_MATCH = YES;
				COPY_PHASE_STRIP = NO;
				DEBUG_INFORMATION_FORMAT = "dwarf-with-dsym";
				ENABLE_NS_ASSERTIONS = NO;
				ENABLE_STRICT_OBJC_MSGSEND = YES;
				GCC_C_LANGUAGE_STANDARD = gnu17;
				GCC_NO_COMMON_BLOCKS = YES;
				GCC_WARN_64_TO_32_BIT_CONVERSION = YES;
				GCC_WARN_ABOUT_RETURN_TYPE = YES_ERROR;
				GCC_WARN_UNDECLARED_SELECTOR = YES;
				GCC_WARN_UNINITIALIZED_AUTOS = YES_AGGRESSIVE;
				GCC_WARN_UNUSED_FUNCTION = YES;
				GCC_WARN_UNUSED_VARIABLE = YES;
				IPHONEOS_DEPLOYMENT_TARGET = 17.0;
				MACOSX_DEPLOYMENT_TARGET = 14.0;
				MTL_ENABLE_DEBUG_INFO = NO;
				MTL_FAST_MATH = YES;
				PRODUCT_NAME = "$(TARGET_NAME)";
				SWIFT_COMPILATION_MODE = wholemodule;
				SWIFT_OPTIMIZATION_LEVEL = "-O";
				SWIFT_VERSION = 6.0;
			};
			name = Release;
		};
		BA2287083B3CDF6E5F63A201 /* Debug */ = {
			isa = XCBuildConfiguration;
			buildSettings = {
				ALWAYS_SEARCH_USER_PATHS = NO;
				CLANG_ANALYZER_NONNULL = YES;
				CLANG_ANALYZER_NUMBER_OBJECT_CONVERSION = YES_AGGRESSIVE;
				CLANG_CXX_LANGUAGE_STANDARD = "gnu++14";
				CLANG_CXX_LIBRARY = "libc++";
				CLANG_ENABLE_MODULES = YES;
				CLANG_ENABLE_OBJC_ARC = YES;
				CLANG_ENABLE_OBJC_WEAK = YES;
				CLANG_WARN_BLOCK_CAPTURE_AUTORELEASING = YES;
				CLANG_WARN_BOOL_CONVERSION = YES;
				CLANG_WARN_COMMA = YES;
				CLANG_WARN_CONSTANT_CONVERSION = YES;
				CLANG_WARN_DEPRECATED_OBJC_IMPLEMENTATIONS = YES;
				CLANG_WARN_DIRECT_OBJC_ISA_USAGE = YES_ERROR;
				CLANG_WARN_DOCUMENTATION_COMMENTS = YES;
				CLANG_WARN_EMPTY_BODY = YES;
				CLANG_WARN_ENUM_CONVERSION = YES;
				CLANG_WARN_INFINITE_RECURSION = YES;
				CLANG_WARN_INT_CONVERSION = YES;
				CLANG_WARN_NON_LITERAL_NULL_CONVERSION = YES;
				CLANG_WARN_OBJC_IMPLICIT_RETAIN_SELF = YES;
				CLANG_WARN_OBJC_LITERAL_CONVERSION = YES;
				CLANG_WARN_OBJC_ROOT_CLASS = YES_ERROR;
				CLANG_WARN_QUOTED_INCLUDE_IN_FRAMEWORK_HEADER = YES;
				CLANG_WARN_RANGE_LOOP_ANALYSIS = YES;
				CLANG_WARN_STRICT_PROTOTYPES = YES;
				CLANG_WARN_SUSPICIOUS_MOVE = YES;
				CLANG_WARN_UNGUARDED_AVAILABILITY = YES_AGGRESSIVE;
				CLANG_WARN_UNREACHABLE_CODE = YES;
				CLANG_WARN__DUPLICATE_METHOD_MATCH = YES;
				COPY_PHASE_STRIP = NO;
				DEBUG_INFORMATION_FORMAT = dwarf;
				ENABLE_STRICT_OBJC_MSGSEND = YES;
				ENABLE_TESTABILITY = YES;
				GCC_C_LANGUAGE_STANDARD = gnu17;
				GCC_DYNAMIC_NO_PIC = NO;
				GCC_NO_COMMON_BLOCKS = YES;
				GCC_OPTIMIZATION_LEVEL = 0;
				GCC_PREPROCESSOR_DEFINITIONS = "DEBUG=1";
				GCC_WARN_64_TO_32_BIT_CONVERSION = YES;
				GCC_WARN_ABOUT_RETURN_TYPE = YES_ERROR;
				GCC_WARN_UNDECLARED_SELECTOR = YES;
				GCC_WARN_UNINITIALIZED_AUTOS = YES_AGGRESSIVE;
				GCC_WARN_UNUSED_FUNCTION = YES;
				GCC_WARN_UNUSED_VARIABLE = YES;
				IPHONEOS_DEPLOYMENT_TARGET = 17.0;
				MACOSX_DEPLOYMENT_TARGET = 14.0;
				MTL_ENABLE_DEBUG_INFO = INCLUDE_SOURCE;
				MTL_FAST_MATH = YES;
				ONLY_ACTIVE_ARCH = YES;
				PRODUCT_NAME = "$(TARGET_NAME)";
				SWIFT_ACTIVE_COMPILATION_CONDITIONS = DEBUG;
				SWIFT_OPTIMIZATION_LEVEL = "-Onone";
				SWIFT_VERSION = 6.0;
			};
			name = Debug;
		};
		DEB36DA0B0555BCFFDAFA17E /* Release */ = {
			isa = XCBuildConfiguration;
			buildSettings = {
				BUNDLE_LOADER = "$(TEST_HOST)";
				CODE_SIGN_IDENTITY = "-";
				CODE_SIGN_STYLE = Automatic;
				COMBINE_HIDPI_IMAGES = YES;
				GENERATE_INFOPLIST_FILE = YES;
				LD_RUNPATH_SEARCH_PATHS = (
					"$(inherited)",
					"@executable_path/../Frameworks",
					"@loader_path/../Frameworks",
				);
				MACOSX_DEPLOYMENT_TARGET = 14.0;
				PRODUCT_BUNDLE_IDENTIFIER = com.northstar.tests;
				SDKROOT = macosx;
				TEST_HOST = "$(BUILT_PRODUCTS_DIR)/Northstar macOS.app/Contents/MacOS/Northstar macOS";
			};
			name = Release;
		};
/* End XCBuildConfiguration section */

/* Begin XCConfigurationList section */
		1013F3A0B2404F166B938287 /* Build configuration list for PBXNativeTarget "NorthstarTests" */ = {
			isa = XCConfigurationList;
			buildConfigurations = (
				58C5510A77F22124F9E14225 /* Debug */,
				DEB36DA0B0555BCFFDAFA17E /* Release */,
			);
			defaultConfigurationIsVisible = 0;
			defaultConfigurationName = Debug;
		};
		274481E3BCE7E95DF7EAF5DC /* Build configuration list for PBXNativeTarget "Northstar iOS" */ = {
			isa = XCConfigurationList;
			buildConfigurations = (
				A70D49E7DA89071B87D91AA3 /* Debug */,
				093A0F1A37CA374FC6E9F14D /* Release */,
			);
			defaultConfigurationIsVisible = 0;
			defaultConfigurationName = Debug;
		};
		52B35FD23C6EBD3D1F0A338D /* Build configuration list for PBXProject "northstar" */ = {
			isa = XCConfigurationList;
			buildConfigurations = (
				BA2287083B3CDF6E5F63A201 /* Debug */,
				B261C85E27044CC67EEFED10 /* Release */,
			);
			defaultConfigurationIsVisible = 0;
			defaultConfigurationName = Debug;
		};
		52F32A66E4AB4E41F1FEBB05 /* Build configuration list for PBXNativeTarget "Northstar macOS" */ = {
			isa = XCConfigurationList;
			buildConfigurations = (
				67C793B40424FDEDE8AEEB18 /* Debug */,
				3009B9420C36B0C38811261F /* Release */,
			);
			defaultConfigurationIsVisible = 0;
			defaultConfigurationName = Debug;
		};
/* End XCConfigurationList section */
	};
	rootObject = 6D6B4A12B486763E06D7AABC /* Project object */;
}
